
Microsoft Visual Studio Solution File, Format Version 12.00
# Visual Studio 15
VisualStudioVersion = 15.0.27703.2047
MinimumVisualStudioVersion = 10.0.40219.1
Project("{FAE04EC0-301F-11D3-BF4B-00C04F79EFBC}") = "AnimatedSprites", "AnimatedSprites\AnimatedSprites.csproj", "{8D8CF6EA-2262-4F3C-807B-E9B9A159D286}"
EndProject
Global
	GlobalSection(SolutionConfigurationPlatforms) = preSolution
		Debug|Any CPU = Debug|Any CPU
		Release|Any CPU = Release|Any CPU
	EndGlobalSection
	GlobalSection(ProjectConfigurationPlatforms) = postSolution
		{8D8CF6EA-2262-4F3C-807B-E9B9A159D286}.Debug|Any CPU.ActiveCfg = Debug|Any CPU
		{8D8CF6EA-2262-4F3C-807B-E9B9A159D286}.Debug|Any CPU.Build.0 = Debug|Any CPU
		{8D8CF6EA-2262-4F3C-807B-E9B9A159D286}.Release|Any CPU.ActiveCfg = Release|Any CPU
		{8D8CF6EA-2262-4F3C-807B-E9B9A159D286}.Release|Any CPU.Build.0 = Release|Any CPU
	EndGlobalSection
	GlobalSection(SolutionProperties) = preSolution
		HideSolutionNode = FALSE
	EndGlobalSection
	GlobalSection(ExtensibilityGlobals) = postSolution
		SolutionGuid = {AFC397CB-A02D-4023-A090-A5B433AE8548}
	EndGlobalSection
EndGlobal
